
Microsoft Visual Studio Solution File, Format Version 12.00
# Visual Studio Version 17
VisualStudioVersion = 17.9.34728.123
MinimumVisualStudioVersion = 10.0.40219.1
Project("{FAE04EC0-301F-11D3-BF4B-00C04F79EFBC}") = "sistema_escolar", "sistema_escolar\sistema_escolar.csproj", "{E5FAF88A-4694-48E7-A9E0-4DC912C6C491}"
EndProject
Global
	GlobalSection(SolutionConfigurationPlatforms) = preSolution
		Debug|Any CPU = Debug|Any CPU
		Release|Any CPU = Release|Any CPU
	EndGlobalSection
	GlobalSection(ProjectConfigurationPlatforms) = postSolution
		{E5FAF88A-4694-48E7-A9E0-4DC912C6C491}.Debug|Any CPU.ActiveCfg = Debug|Any CPU
		{E5FAF88A-4694-48E7-A9E0-4DC912C6C491}.Debug|Any CPU.Build.0 = Debug|Any CPU
		{E5FAF88A-4694-48E7-A9E0-4DC912C6C491}.Release|Any CPU.ActiveCfg = Release|Any CPU
		{E5FAF88A-4694-48E7-A9E0-4DC912C6C491}.Release|Any CPU.Build.0 = Release|Any CPU
	EndGlobalSection
	GlobalSection(SolutionProperties) = preSolution
		HideSolutionNode = FALSE
	EndGlobalSection
	GlobalSection(ExtensibilityGlobals) = postSolution
		SolutionGuid = {117362AF-A5D5-4884-9D05-401A1806AD6C}
	EndGlobalSection
EndGlobal
